
Microsoft Visual Studio Solution File, Format Version 12.00
Project("{FAE04EC0-301F-11D3-BF4B-00C04F79EFBC}") = "csharp-avalonia-learn", "csharp-avalonia-learn\csharp-avalonia-learn.csproj", "{77EC9F0A-3AB2-4449-9CD4-43CB5205F962}"
EndProject
Global
	GlobalSection(SolutionConfigurationPlatforms) = preSolution
		Debug|Any CPU = Debug|Any CPU
		Release|Any CPU = Release|Any CPU
	EndGlobalSection
	GlobalSection(ProjectConfigurationPlatforms) = postSolution
		{77EC9F0A-3AB2-4449-9CD4-43CB5205F962}.Debug|Any CPU.ActiveCfg = Debug|Any CPU
		{77EC9F0A-3AB2-4449-9CD4-43CB5205F962}.Debug|Any CPU.Build.0 = Debug|Any CPU
		{77EC9F0A-3AB2-4449-9CD4-43CB5205F962}.Release|Any CPU.ActiveCfg = Release|Any CPU
		{77EC9F0A-3AB2-4449-9CD4-43CB5205F962}.Release|Any CPU.Build.0 = Release|Any CPU
	EndGlobalSection
EndGlobal
